PODS:
  - AEXML (3.0.0)
  - Alamofire (3.5.1)

DEPENDENCIES:
  - AEXML (~> 3.0)
  - Alamofire (~> 3.0)

SPEC CHECKSUMS:
  AEXML: 716fb0a8decba4a3517324a71fee3685b30233d2
  Alamofire: 0dfba1184a543e2aa160f4e39cac4e8aba48d223

PODFILE CHECKSUM: bea53904f036a996289b86ff7c776be731c5fe9d

COCOAPODS: 1.0.1
